
Microsoft Visual Studio Solution File, Format Version 12.00
# Visual Studio Version 17
VisualStudioVersion = 17.11.35312.102
MinimumVisualStudioVersion = 10.0.40219.1
Project("{FAE04EC0-301F-11D3-BF4B-00C04F79EFBC}") = "Kursova_Robota", "Kursova_Robota\Kursova_Robota.csproj", "{583065C9-70A4-40C7-BF94-6E243E0DDD3B}"
EndProject
Global
	GlobalSection(SolutionConfigurationPlatforms) = preSolution
		Debug|Any CPU = Debug|Any CPU
		Release|Any CPU = Release|Any CPU
	EndGlobalSection
	GlobalSection(ProjectConfigurationPlatforms) = postSolution
		{583065C9-70A4-40C7-BF94-6E243E0DDD3B}.Debug|Any CPU.ActiveCfg = Debug|Any CPU
		{583065C9-70A4-40C7-BF94-6E243E0DDD3B}.Debug|Any CPU.Build.0 = Debug|Any CPU
		{583065C9-70A4-40C7-BF94-6E243E0DDD3B}.Release|Any CPU.ActiveCfg = Release|Any CPU
		{583065C9-70A4-40C7-BF94-6E243E0DDD3B}.Release|Any CPU.Build.0 = Release|Any CPU
	EndGlobalSection
	GlobalSection(SolutionProperties) = preSolution
		HideSolutionNode = FALSE
	EndGlobalSection
	GlobalSection(ExtensibilityGlobals) = postSolution
		SolutionGuid = {7FB71EE6-6A51-40BA-9454-6385C26A3C3A}
	EndGlobalSection
EndGlobal
